// !$*UTF8*$!
{
	archiveVersion = 1;
	classes = {
	};
	objectVersion = 50;
	objects = {

/* Begin PBXBuildFile section */
		F60554BB21A172AE00C55DCD /* DVTableViewController.swift in Sources */ = {isa = PBXBuildFile; fileRef = F60554B321A172AE00C55DCD /* DVTableViewController.swift */; };
		F60554BC21A172AE00C55DCD /* SampleDVTableViewController.swift in Sources */ = {isa = PBXBuildFile; fileRef = F60554B521A172AE00C55DCD /* SampleDVTableViewController.swift */; };
		F60554BD21A172AE00C55DCD /* CustomHeaderGift.swift in Sources */ = {isa = PBXBuildFile; fileRef = F60554B621A172AE00C55DCD /* CustomHeaderGift.swift */; };
		F60BEC20219DB48B00573F80 /* AppDelegate.swift in Sources */ = {isa = PBXBuildFile; fileRef = F60BEC1F219DB48B00573F80 /* AppDelegate.swift */; };
		F60BEC22219DB48B00573F80 /* ViewController.swift in Sources */ = {isa = PBXBuildFile; fileRef = F60BEC21219DB48B00573F80 /* ViewController.swift */; };
		F60BEC25219DB48B00573F80 /* Main.storyboard in Resources */ = {isa = PBXBuildFile; fileRef = F60BEC23219DB48B00573F80 /* Main.storyboard */; };
		F60BEC27219DB48C00573F80 /* Assets.xcassets in Resources */ = {isa = PBXBuildFile; fileRef = F60BEC26219DB48C00573F80 /* Assets.xcassets */; };
		F60BEC2A219DB48C00573F80 /* LaunchScreen.storyboard in Resources */ = {isa = PBXBuildFile; fileRef = F60BEC28219DB48C00573F80 /* LaunchScreen.storyboard */; };
		F6D4409E21A2BAF100AE1675 /* ReachableManager.swift in Sources */ = {isa = PBXBuildFile; fileRef = F6D4409D21A2BAF100AE1675 /* ReachableManager.swift */; };
/* End PBXBuildFile section */

/* Begin PBXFileReference section */
		F60554B321A172AE00C55DCD /* DVTableViewController.swift */ = {isa = PBXFileReference; fileEncoding = 4; lastKnownFileType = sourcecode.swift; path = DVTableViewController.swift; sourceTree = "<group>"; };
		F60554B521A172AE00C55DCD /* SampleDVTableViewController.swift */ = {isa = PBXFileReference; fileEncoding = 4; lastKnownFileType = sourcecode.swift; path = SampleDVTableViewController.swift; sourceTree = "<group>"; };
		F60554B621A172AE00C55DCD /* CustomHeaderGift.swift */ = {isa = PBXFileReference; fileEncoding = 4; lastKnownFileType = sourcecode.swift; path = CustomHeaderGift.swift; sourceTree = "<group>"; };
		F60BEC1C219DB48B00573F80 /* DVTableView.app */ = {isa = PBXFileReference; explicitFileType = wrapper.application; includeInIndex = 0; path = DVTableView.app; sourceTree = BUILT_PRODUCTS_DIR; };
		F60BEC1F219DB48B00573F80 /* AppDelegate.swift */ = {isa = PBXFileReference; lastKnownFileType = sourcecode.swift; path = AppDelegate.swift; sourceTree = "<group>"; };
		F60BEC21219DB48B00573F80 /* ViewController.swift */ = {isa = PBXFileReference; lastKnownFileType = sourcecode.swift; path = ViewController.swift; sourceTree = "<group>"; };
		F60BEC24219DB48B00573F80 /* Base */ = {isa = PBXFileReference; lastKnownFileType = file.storyboard; name = Base; path = Base.lproj/Main.storyboard; sourceTree = "<group>"; };
		F60BEC26219DB48C00573F80 /* Assets.xcassets */ = {isa = PBXFileReference; lastKnownFileType = folder.assetcatalog; path = Assets.xcassets; sourceTree = "<group>"; };
		F60BEC29219DB48C00573F80 /* Base */ = {isa = PBXFileReference; lastKnownFileType = file.storyboard; name = Base; path = Base.lproj/LaunchScreen.storyboard; sourceTree = "<group>"; };
		F60BEC2B219DB48C00573F80 /* Info.plist */ = {isa = PBXFileReference; lastKnownFileType = text.plist.xml; path = Info.plist; sourceTree = "<group>"; };
		F6D4409D21A2BAF100AE1675 /* ReachableManager.swift */ = {isa = PBXFileReference; fileEncoding = 4; lastKnownFileType = sourcecode.swift; path = ReachableManager.swift; sourceTree = "<group>"; };
/* End PBXFileReference section */

/* Begin PBXFrameworksBuildPhase section */
		F60BEC19219DB48B00573F80 /* Frameworks */ = {
			isa = PBXFrameworksBuildPhase;
			buildActionMask = 2147483647;
			files = (
			);
			runOnlyForDeploymentPostprocessing = 0;
		};
/* End PBXFrameworksBuildPhase section */

/* Begin PBXGroup section */
		F60554B421A172AE00C55DCD /* Samples */ = {
			isa = PBXGroup;
			children = (
				F60554B521A172AE00C55DCD /* SampleDVTableViewController.swift */,
				F60554B621A172AE00C55DCD /* CustomHeaderGift.swift */,
			);
			path = Samples;
			sourceTree = "<group>";
		};
		F60BEC13219DB48B00573F80 = {
			isa = PBXGroup;
			children = (
				F60BEC1E219DB48B00573F80 /* DVTableView */,
				F60BEC1D219DB48B00573F80 /* Products */,
			);
			sourceTree = "<group>";
		};
		F60BEC1D219DB48B00573F80 /* Products */ = {
			isa = PBXGroup;
			children = (
				F60BEC1C219DB48B00573F80 /* DVTableView.app */,
			);
			name = Products;
			sourceTree = "<group>";
		};
		F60BEC1E219DB48B00573F80 /* DVTableView */ = {
			isa = PBXGroup;
			children = (
				F60BEC33219DC71800573F80 /* DVTableView */,
				F60BEC1F219DB48B00573F80 /* AppDelegate.swift */,
				F60BEC21219DB48B00573F80 /* ViewController.swift */,
				F60BEC23219DB48B00573F80 /* Main.storyboard */,
				F60BEC26219DB48C00573F80 /* Assets.xcassets */,
				F60BEC28219DB48C00573F80 /* LaunchScreen.storyboard */,
				F60BEC2B219DB48C00573F80 /* Info.plist */,
			);
			path = DVTableView;
			sourceTree = "<group>";
		};
		F60BEC33219DC71800573F80 /* DVTableView */ = {
			isa = PBXGroup;
			children = (
				F60554B321A172AE00C55DCD /* DVTableViewController.swift */,
				F6D4409D21A2BAF100AE1675 /* ReachableManager.swift */,
				F60554B421A172AE00C55DCD /* Samples */,
			);
			path = DVTableView;
			sourceTree = "<group>";
		};
/* End PBXGroup section */

/* Begin PBXNativeTarget section */
		F60BEC1B219DB48B00573F80 /* DVTableView */ = {
			isa = PBXNativeTarget;
			buildConfigurationList = F60BEC2E219DB48C00573F80 /* Build configuration list for PBXNativeTarget "DVTableView" */;
			buildPhases = (
				F60BEC18219DB48B00573F80 /* Sources */,
				F60BEC19219DB48B00573F80 /* Frameworks */,
				F60BEC1A219DB48B00573F80 /* Resources */,
			);
			buildRules = (
			);
			dependencies = (
			);
			name = DVTableView;
			productName = DVTableView;
			productReference = F60BEC1C219DB48B00573F80 /* DVTableView.app */;
			productType = "com.apple.product-type.application";
		};
/* End PBXNativeTarget section */

/* Begin PBXProject section */
		F60BEC14219DB48B00573F80 /* Project object */ = {
			isa = PBXProject;
			attributes = {
				LastSwiftUpdateCheck = 1010;
				LastUpgradeCheck = 1010;
				ORGANIZATIONNAME = "Nam Vu";
				TargetAttributes = {
					F60BEC1B219DB48B00573F80 = {
						CreatedOnToolsVersion = 10.1;
					};
				};
			};
			buildConfigurationList = F60BEC17219DB48B00573F80 /* Build configuration list for PBXProject "DVTableView" */;
			compatibilityVersion = "Xcode 9.3";
			developmentRegion = en;
			hasScannedForEncodings = 0;
			knownRegions = (
				en,
				Base,
			);
			mainGroup = F60BEC13219DB48B00573F80;
			productRefGroup = F60BEC1D219DB48B00573F80 /* Products */;
			projectDirPath = "";
			projectRoot = "";
			targets = (
				F60BEC1B219DB48B00573F80 /* DVTableView */,
			);
		};
/* End PBXProject section */

/* Begin PBXResourcesBuildPhase section */
		F60BEC1A219DB48B00573F80 /* Resources */ = {
			isa = PBXResourcesBuildPhase;
			buildActionMask = 2147483647;
			files = (
				F60BEC2A219DB48C00573F80 /* LaunchScreen.storyboard in Resources */,
				F60BEC27219DB48C00573F80 /* Assets.xcassets in Resources */,
				F60BEC25219DB48B00573F80 /* Main.storyboard in Resources */,
			);
			runOnlyForDeploymentPostprocessing = 0;
		};
/* End PBXResourcesBuildPhase section */

/* Begin PBXSourcesBuildPhase section */
		F60BEC18219DB48B00573F80 /* Sources */ = {
			isa = PBXSourcesBuildPhase;
			buildActionMask = 2147483647;
			files = (
				F60BEC22219DB48B00573F80 /* ViewController.swift in Sources */,
				F6D4409E21A2BAF100AE1675 /* ReachableManager.swift in Sources */,
				F60BEC20219DB48B00573F80 /* AppDelegate.swift in Sources */,
				F60554BB21A172AE00C55DCD /* DVTableViewController.swift in Sources */,
				F60554BC21A172AE00C55DCD /* SampleDVTableViewController.swift in Sources */,
				F60554BD21A172AE00C55DCD /* CustomHeaderGift.swift in Sources */,
			);
			runOnlyForDeploymentPostprocessing = 0;
		};
/* End PBXSourcesBuildPhase section */

/* Begin PBXVariantGroup section */
		F60BEC23219DB48B00573F80 /* Main.storyboard */ = {
			isa = PBXVariantGroup;
			children = (
				F60BEC24219DB48B00573F80 /* Base */,
			);
			name = Main.storyboard;
			sourceTree = "<group>";
		};
		F60BEC28219DB48C00573F80 /* LaunchScreen.storyboard */ = {
			isa = PBXVariantGroup;
			children = (
				F60BEC29219DB48C00573F80 /* Base */,
			);
			name = LaunchScreen.storyboard;
			sourceTree = "<group>";
		};
/* End PBXVariantGroup section */

/* Begin XCBuildConfiguration section */
		F60BEC2C219DB48C00573F80 /* Debug */ = {
			isa = XCBuildConfiguration;
			buildSettings = {
				ALWAYS_SEARCH_USER_PATHS = NO;
				CLANG_ANALYZER_NONNULL = YES;
				CLANG_ANALYZER_NUMBER_OBJECT_CONVERSION = YES_AGGRESSIVE;
				CLANG_CXX_LANGUAGE_STANDARD = "gnu++14";
				CLANG_CXX_LIBRARY = "libc++";
				CLANG_ENABLE_MODULES = YES;
				CLANG_ENABLE_OBJC_ARC = YES;
				CLANG_ENABLE_OBJC_WEAK = YES;
				CLANG_WARN_BLOCK_CAPTURE_AUTORELEASING = YES;
				CLANG_WARN_BOOL_CONVERSION = YES;
				CLANG_WARN_COMMA = YES;
				CLANG_WARN_CONSTANT_CONVERSION = YES;
				CLANG_WARN_DEPRECATED_OBJC_IMPLEMENTATIONS = YES;
				CLANG_WARN_DIRECT_OBJC_ISA_USAGE = YES_ERROR;
				CLANG_WARN_DOCUMENTATION_COMMENTS = YES;
				CLANG_WARN_EMPTY_BODY = YES;
				CLANG_WARN_ENUM_CONVERSION = YES;
				CLANG_WARN_INFINITE_RECURSION = YES;
				CLANG_WARN_INT_CONVERSION = YES;
				CLANG_WARN_NON_LITERAL_NULL_CONVERSION = YES;
				CLANG_WARN_OBJC_IMPLICIT_RETAIN_SELF = YES;
				CLANG_WARN_OBJC_LITERAL_CONVERSION = YES;
				CLANG_WARN_OBJC_ROOT_CLASS = YES_ERROR;
				CLANG_WARN_RANGE_LOOP_ANALYSIS = YES;
				CLANG_WARN_STRICT_PROTOTYPES = YES;
				CLANG_WARN_SUSPICIOUS_MOVE = YES;
				CLANG_WARN_UNGUARDED_AVAILABILITY = YES_AGGRESSIVE;
				CLANG_WARN_UNREACHABLE_CODE = YES;
				CLANG_WARN__DUPLICATE_METHOD_MATCH = YES;
				CODE_SIGN_IDENTITY = "iPhone Developer";
				COPY_PHASE_STRIP = NO;
				DEBUG_INFORMATION_FORMAT = dwarf;
				ENABLE_STRICT_OBJC_MSGSEND = YES;
				ENABLE_TESTABILITY = YES;
				GCC_C_LANGUAGE_STANDARD = gnu11;
				GCC_DYNAMIC_NO_PIC = NO;
				GCC_NO_COMMON_BLOCKS = YES;
				GCC_OPTIMIZATION_LEVEL = 0;
				GCC_PREPROCESSOR_DEFINITIONS = (
					"DEBUG=1",
					"$(inherited)",
				);
				GCC_WARN_64_TO_32_BIT_CONVERSION = YES;
				GCC_WARN_ABOUT_RETURN_TYPE = YES_ERROR;
				GCC_WARN_UNDECLARED_SELECTOR = YES;
				GCC_WARN_UNINITIALIZED_AUTOS = YES_AGGRESSIVE;
				GCC_WARN_UNUSED_FUNCTION = YES;
				GCC_WARN_UNUSED_VARIABLE = YES;
				IPHONEOS_DEPLOYMENT_TARGET = 12.1;
				MTL_ENABLE_DEBUG_INFO = INCLUDE_SOURCE;
				MTL_FAST_MATH = YES;
				ONLY_ACTIVE_ARCH = YES;
				SDKROOT = iphoneos;
				SWIFT_ACTIVE_COMPILATION_CONDITIONS = DEBUG;
				SWIFT_OPTIMIZATION_LEVEL = "-Onone";
			};
			name = Debug;
		};
		F60BEC2D219DB48C00573F80 /* Release */ = {
			isa = XCBuildConfiguration;
			buildSettings = {
				ALWAYS_SEARCH_USER_PATHS = NO;
				CLANG_ANALYZER_NONNULL = YES;
				CLANG_ANALYZER_NUMBER_OBJECT_CONVERSION = YES_AGGRESSIVE;
				CLANG_CXX_LANGUAGE_STANDARD = "gnu++14";
				CLANG_CXX_LIBRARY = "libc++";
				CLANG_ENABLE_MODULES = YES;
				CLANG_ENABLE_OBJC_ARC = YES;
				CLANG_ENABLE_OBJC_WEAK = YES;
				CLANG_WARN_BLOCK_CAPTURE_AUTORELEASING = YES;
				CLANG_WARN_BOOL_CONVERSION = YES;
				CLANG_WARN_COMMA = YES;
				CLANG_WARN_CONSTANT_CONVERSION = YES;
				CLANG_WARN_DEPRECATED_OBJC_IMPLEMENTATIONS = YES;
				CLANG_WARN_DIRECT_OBJC_ISA_USAGE = YES_ERROR;
				CLANG_WARN_DOCUMENTATION_COMMENTS = YES;
				CLANG_WARN_EMPTY_BODY = YES;
				CLANG_WARN_ENUM_CONVERSION = YES;
				CLANG_WARN_INFINITE_RECURSION = YES;
				CLANG_WARN_INT_CONVERSION = YES;
				CLANG_WARN_NON_LITERAL_NULL_CONVERSION = YES;
				CLANG_WARN_OBJC_IMPLICIT_RETAIN_SELF = YES;
				CLANG_WARN_OBJC_LITERAL_CONVERSION = YES;
				CLANG_WARN_OBJC_ROOT_CLASS = YES_ERROR;
				CLANG_WARN_RANGE_LOOP_ANALYSIS = YES;
				CLANG_WARN_STRICT_PROTOTYPES = YES;
				CLANG_WARN_SUSPICIOUS_MOVE = YES;
				CLANG_WARN_UNGUARDED_AVAILABILITY = YES_AGGRESSIVE;
				CLANG_WARN_UNREACHABLE_CODE = YES;
				CLANG_WARN__DUPLICATE_METHOD_MATCH = YES;
				CODE_SIGN_IDENTITY = "iPhone Developer";
				COPY_PHASE_STRIP = NO;
				DEBUG_INFORMATION_FORMAT = "dwarf-with-dsym";
				ENABLE_NS_ASSERTIONS = NO;
				ENABLE_STRICT_OBJC_MSGSEND = YES;
				GCC_C_LANGUAGE_STANDARD = gnu11;
				GCC_NO_COMMON_BLOCKS = YES;
				GCC_WARN_64_TO_32_BIT_CONVERSION = YES;
				GCC_WARN_ABOUT_RETURN_TYPE = YES_ERROR;
				GCC_WARN_UNDECLARED_SELECTOR = YES;
				GCC_WARN_UNINITIALIZED_AUTOS = YES_AGGRESSIVE;
				GCC_WARN_UNUSED_FUNCTION = YES;
				GCC_WARN_UNUSED_VARIABLE = YES;
				IPHONEOS_DEPLOYMENT_TARGET = 12.1;
				MTL_ENABLE_DEBUG_INFO = NO;
				MTL_FAST_MATH = YES;
				SDKROOT = iphoneos;
				SWIFT_COMPILATION_MODE = wholemodule;
				SWIFT_OPTIMIZATION_LEVEL = "-O";
				VALIDATE_PRODUCT = YES;
			};
			name = Release;
		};
		F60BEC2F219DB48C00573F80 /* Debug */ = {
			isa = XCBuildConfiguration;
			buildSettings = {
				ASSETCATALOG_COMPILER_APPICON_NAME = AppIcon;
				CODE_SIGN_STYLE = Automatic;
				DEVELOPMENT_TEAM = UD98N48YL7;
				INFOPLIST_FILE = DVTableView/Info.plist;
				LD_RUNPATH_SEARCH_PATHS = (
					"$(inherited)",
					"@executable_path/Frameworks",
				);
				PRODUCT_BUNDLE_IDENTIFIER = com.namdv.DVTableView;
				PRODUCT_NAME = "$(TARGET_NAME)";
				SWIFT_VERSION = 4.2;
				TARGETED_DEVICE_FAMILY = "1,2";
			};
			name = Debug;
		};
		F60BEC30219DB48C00573F80 /* Release */ = {
			isa = XCBuildConfiguration;
			buildSettings = {
				ASSETCATALOG_COMPILER_APPICON_NAME = AppIcon;
				CODE_SIGN_STYLE = Automatic;
				DEVELOPMENT_TEAM = UD98N48YL7;
				INFOPLIST_FILE = DVTableView/Info.plist;
				LD_RUNPATH_SEARCH_PATHS = (
					"$(inherited)",
					"@executable_path/Frameworks",
				);
				PRODUCT_BUNDLE_IDENTIFIER = com.namdv.DVTableView;
				PRODUCT_NAME = "$(TARGET_NAME)";
				SWIFT_VERSION = 4.2;
				TARGETED_DEVICE_FAMILY = "1,2";
			};
			name = Release;
		};
/* End XCBuildConfiguration section */

/* Begin XCConfigurationList section */
		F60BEC17219DB48B00573F80 /* Build configuration list for PBXProject "DVTableView" */ = {
			isa = XCConfigurationList;
			buildConfigurations = (
				F60BEC2C219DB48C00573F80 /* Debug */,
				F60BEC2D219DB48C00573F80 /* Release */,
			);
			defaultConfigurationIsVisible = 0;
			defaultConfigurationName = Release;
		};
		F60BEC2E219DB48C00573F80 /* Build configuration list for PBXNativeTarget "DVTableView" */ = {
			isa = XCConfigurationList;
			buildConfigurations = (
				F60BEC2F219DB48C00573F80 /* Debug */,
				F60BEC30219DB48C00573F80 /* Release */,
			);
			defaultConfigurationIsVisible = 0;
			defaultConfigurationName = Release;
		};
/* End XCConfigurationList section */
	};
	rootObject = F60BEC14219DB48B00573F80 /* Project object */;
}
